
Microsoft Visual Studio Solution File, Format Version 12.00
# Visual Studio Version 17
VisualStudioVersion = 17.0.31903.59
MinimumVisualStudioVersion = 10.0.40219.1
Project("{2150E333-8FDC-42A3-9474-1A3956D46DE8}") = "1-Services", "1-Services", "{A0FF30BB-A939-AAEC-B902-EEF8281C1BC6}"
EndProject
Project("{FAE04EC0-301F-11D3-BF4B-00C04F79EFBC}") = "GestAuto.Commercial.API", "1-Services\GestAuto.Commercial.API\GestAuto.Commercial.API.csproj", "{F5DC4E02-578C-4CC7-9748-EAA4541E508D}"
EndProject
Project("{2150E333-8FDC-42A3-9474-1A3956D46DE8}") = "2-Application", "2-Application", "{2AD92386-79E5-699F-F58F-FD6FA6A6916E}"
EndProject
Project("{FAE04EC0-301F-11D3-BF4B-00C04F79EFBC}") = "GestAuto.Commercial.Application", "2-Application\GestAuto.Commercial.Application\GestAuto.Commercial.Application.csproj", "{6C8F6F63-0C31-4A4E-B46E-E407D23DF3BE}"
EndProject
Project("{2150E333-8FDC-42A3-9474-1A3956D46DE8}") = "3-Domain", "3-Domain", "{2420C803-290B-F142-B73B-E5BA85E34988}"
EndProject
Project("{FAE04EC0-301F-11D3-BF4B-00C04F79EFBC}") = "GestAuto.Commercial.Domain", "3-Domain\GestAuto.Commercial.Domain\GestAuto.Commercial.Domain.csproj", "{6026BB01-C9B6-44BA-A93F-C059C29A17C1}"
EndProject
Project("{2150E333-8FDC-42A3-9474-1A3956D46DE8}") = "4-Infra", "4-Infra", "{C263FC6A-B645-7249-9C52-1318A4A3D2CA}"
EndProject
Project("{FAE04EC0-301F-11D3-BF4B-00C04F79EFBC}") = "GestAuto.Commercial.Infra", "4-Infra\GestAuto.Commercial.Infra\GestAuto.Commercial.Infra.csproj", "{0CF35B44-5A60-482D-817D-FCCBB325B81F}"
EndProject
Project("{2150E333-8FDC-42A3-9474-1A3956D46DE8}") = "5-Tests", "5-Tests", "{3DE317BB-6F5C-8DC8-3308-7F794E1E843A}"
EndProject
Project("{FAE04EC0-301F-11D3-BF4B-00C04F79EFBC}") = "GestAuto.Commercial.UnitTest", "5-Tests\GestAuto.Commercial.UnitTest\GestAuto.Commercial.UnitTest.csproj", "{0FD04F5A-C5A1-447A-84C7-42CF900944BA}"
EndProject
Project("{FAE04EC0-301F-11D3-BF4B-00C04F79EFBC}") = "GestAuto.Commercial.IntegrationTest", "5-Tests\GestAuto.Commercial.IntegrationTest\GestAuto.Commercial.IntegrationTest.csproj", "{4A3AFB4C-DC9A-44BE-8C47-857D17554EB9}"
EndProject
Project("{FAE04EC0-301F-11D3-BF4B-00C04F79EFBC}") = "GestAuto.Commercial.End2EndTest", "5-Tests\GestAuto.Commercial.End2EndTest\GestAuto.Commercial.End2EndTest.csproj", "{A74579A7-2312-4819-AF88-44DD4C02227F}"
EndProject
Global
	GlobalSection(SolutionConfigurationPlatforms) = preSolution
		Debug|Any CPU = Debug|Any CPU
		Debug|x64 = Debug|x64
		Debug|x86 = Debug|x86
		Release|Any CPU = Release|Any CPU
		Release|x64 = Release|x64
		Release|x86 = Release|x86
	EndGlobalSection
	GlobalSection(ProjectConfigurationPlatforms) = postSolution
		{F5DC4E02-578C-4CC7-9748-EAA4541E508D}.Debug|Any CPU.ActiveCfg = Debug|Any CPU
		{F5DC4E02-578C-4CC7-9748-EAA4541E508D}.Debug|Any CPU.Build.0 = Debug|Any CPU
		{F5DC4E02-578C-4CC7-9748-EAA4541E508D}.Debug|x64.ActiveCfg = Debug|Any CPU
		{F5DC4E02-578C-4CC7-9748-EAA4541E508D}.Debug|x64.Build.0 = Debug|Any CPU
		{F5DC4E02-578C-4CC7-9748-EAA4541E508D}.Debug|x86.ActiveCfg = Debug|Any CPU
		{F5DC4E02-578C-4CC7-9748-EAA4541E508D}.Debug|x86.Build.0 = Debug|Any CPU
		{F5DC4E02-578C-4CC7-9748-EAA4541E508D}.Release|Any CPU.ActiveCfg = Release|Any CPU
		{F5DC4E02-578C-4CC7-9748-EAA4541E508D}.Release|Any CPU.Build.0 = Release|Any CPU
		{F5DC4E02-578C-4CC7-9748-EAA4541E508D}.Release|x64.ActiveCfg = Release|Any CPU
		{F5DC4E02-578C-4CC7-9748-EAA4541E508D}.Release|x64.Build.0 = Release|Any CPU
		{F5DC4E02-578C-4CC7-9748-EAA4541E508D}.Release|x86.ActiveCfg = Release|Any CPU
		{F5DC4E02-578C-4CC7-9748-EAA4541E508D}.Release|x86.Build.0 = Release|Any CPU
		{6C8F6F63-0C31-4A4E-B46E-E407D23DF3BE}.Debug|Any CPU.ActiveCfg = Debug|Any CPU
		{6C8F6F63-0C31-4A4E-B46E-E407D23DF3BE}.Debug|Any CPU.Build.0 = Debug|Any CPU
		{6C8F6F63-0C31-4A4E-B46E-E407D23DF3BE}.Debug|x64.ActiveCfg = Debug|Any CPU
		{6C8F6F63-0C31-4A4E-B46E-E407D23DF3BE}.Debug|x64.Build.0 = Debug|Any CPU
		{6C8F6F63-0C31-4A4E-B46E-E407D23DF3BE}.Debug|x86.ActiveCfg = Debug|Any CPU
		{6C8F6F63-0C31-4A4E-B46E-E407D23DF3BE}.Debug|x86.Build.0 = Debug|Any CPU
		{6C8F6F63-0C31-4A4E-B46E-E407D23DF3BE}.Release|Any CPU.ActiveCfg = Release|Any CPU
		{6C8F6F63-0C31-4A4E-B46E-E407D23DF3BE}.Release|Any CPU.Build.0 = Release|Any CPU
		{6C8F6F63-0C31-4A4E-B46E-E407D23DF3BE}.Release|x64.ActiveCfg = Release|Any CPU
		{6C8F6F63-0C31-4A4E-B46E-E407D23DF3BE}.Release|x64.Build.0 = Release|Any CPU
		{6C8F6F63-0C31-4A4E-B46E-E407D23DF3BE}.Release|x86.ActiveCfg = Release|Any CPU
		{6C8F6F63-0C31-4A4E-B46E-E407D23DF3BE}.Release|x86.Build.0 = Release|Any CPU
		{6026BB01-C9B6-44BA-A93F-C059C29A17C1}.Debug|Any CPU.ActiveCfg = Debug|Any CPU
		{6026BB01-C9B6-44BA-A93F-C059C29A17C1}.Debug|Any CPU.Build.0 = Debug|Any CPU
		{6026BB01-C9B6-44BA-A93F-C059C29A17C1}.Debug|x64.ActiveCfg = Debug|Any CPU
		{6026BB01-C9B6-44BA-A93F-C059C29A17C1}.Debug|x64.Build.0 = Debug|Any CPU
		{6026BB01-C9B6-44BA-A93F-C059C29A17C1}.Debug|x86.ActiveCfg = Debug|Any CPU
		{6026BB01-C9B6-44BA-A93F-C059C29A17C1}.Debug|x86.Build.0 = Debug|Any CPU
		{6026BB01-C9B6-44BA-A93F-C059C29A17C1}.Release|Any CPU.ActiveCfg = Release|Any CPU
		{6026BB01-C9B6-44BA-A93F-C059C29A17C1}.Release|Any CPU.Build.0 = Release|Any CPU
		{6026BB01-C9B6-44BA-A93F-C059C29A17C1}.Release|x64.ActiveCfg = Release|Any CPU
		{6026BB01-C9B6-44BA-A93F-C059C29A17C1}.Release|x64.Build.0 = Release|Any CPU
		{6026BB01-C9B6-44BA-A93F-C059C29A17C1}.Release|x86.ActiveCfg = Release|Any CPU
		{6026BB01-C9B6-44BA-A93F-C059C29A17C1}.Release|x86.Build.0 = Release|Any CPU
		{0CF35B44-5A60-482D-817D-FCCBB325B81F}.Debug|Any CPU.ActiveCfg = Debug|Any CPU
		{0CF35B44-5A60-482D-817D-FCCBB325B81F}.Debug|Any CPU.Build.0 = Debug|Any CPU
		{0CF35B44-5A60-482D-817D-FCCBB325B81F}.Debug|x64.ActiveCfg = Debug|Any CPU
		{0CF35B44-5A60-482D-817D-FCCBB325B81F}.Debug|x64.Build.0 = Debug|Any CPU
		{0CF35B44-5A60-482D-817D-FCCBB325B81F}.Debug|x86.ActiveCfg = Debug|Any CPU
		{0CF35B44-5A60-482D-817D-FCCBB325B81F}.Debug|x86.Build.0 = Debug|Any CPU
		{0CF35B44-5A60-482D-817D-FCCBB325B81F}.Release|Any CPU.ActiveCfg = Release|Any CPU
		{0CF35B44-5A60-482D-817D-FCCBB325B81F}.Release|Any CPU.Build.0 = Release|Any CPU
		{0CF35B44-5A60-482D-817D-FCCBB325B81F}.Release|x64.ActiveCfg = Release|Any CPU
		{0CF35B44-5A60-482D-817D-FCCBB325B81F}.Release|x64.Build.0 = Release|Any CPU
		{0CF35B44-5A60-482D-817D-FCCBB325B81F}.Release|x86.ActiveCfg = Release|Any CPU
		{0CF35B44-5A60-482D-817D-FCCBB325B81F}.Release|x86.Build.0 = Release|Any CPU
		{0FD04F5A-C5A1-447A-84C7-42CF900944BA}.Debug|Any CPU.ActiveCfg = Debug|Any CPU
		{0FD04F5A-C5A1-447A-84C7-42CF900944BA}.Debug|Any CPU.Build.0 = Debug|Any CPU
		{0FD04F5A-C5A1-447A-84C7-42CF900944BA}.Debug|x64.ActiveCfg = Debug|Any CPU
		{0FD04F5A-C5A1-447A-84C7-42CF900944BA}.Debug|x64.Build.0 = Debug|Any CPU
		{0FD04F5A-C5A1-447A-84C7-42CF900944BA}.Debug|x86.ActiveCfg = Debug|Any CPU
		{0FD04F5A-C5A1-447A-84C7-42CF900944BA}.Debug|x86.Build.0 = Debug|Any CPU
		{0FD04F5A-C5A1-447A-84C7-42CF900944BA}.Release|Any CPU.ActiveCfg = Release|Any CPU
		{0FD04F5A-C5A1-447A-84C7-42CF900944BA}.Release|Any CPU.Build.0 = Release|Any CPU
		{0FD04F5A-C5A1-447A-84C7-42CF900944BA}.Release|x64.ActiveCfg = Release|Any CPU
		{0FD04F5A-C5A1-447A-84C7-42CF900944BA}.Release|x64.Build.0 = Release|Any CPU
		{0FD04F5A-C5A1-447A-84C7-42CF900944BA}.Release|x86.ActiveCfg = Release|Any CPU
		{0FD04F5A-C5A1-447A-84C7-42CF900944BA}.Release|x86.Build.0 = Release|Any CPU
		{4A3AFB4C-DC9A-44BE-8C47-857D17554EB9}.Debug|Any CPU.ActiveCfg = Debug|Any CPU
		{4A3AFB4C-DC9A-44BE-8C47-857D17554EB9}.Debug|Any CPU.Build.0 = Debug|Any CPU
		{4A3AFB4C-DC9A-44BE-8C47-857D17554EB9}.Debug|x64.ActiveCfg = Debug|Any CPU
		{4A3AFB4C-DC9A-44BE-8C47-857D17554EB9}.Debug|x64.Build.0 = Debug|Any CPU
		{4A3AFB4C-DC9A-44BE-8C47-857D17554EB9}.Debug|x86.ActiveCfg = Debug|Any CPU
		{4A3AFB4C-DC9A-44BE-8C47-857D17554EB9}.Debug|x86.Build.0 = Debug|Any CPU
		{4A3AFB4C-DC9A-44BE-8C47-857D17554EB9}.Release|Any CPU.ActiveCfg = Release|Any CPU
		{4A3AFB4C-DC9A-44BE-8C47-857D17554EB9}.Release|Any CPU.Build.0 = Release|Any CPU
		{4A3AFB4C-DC9A-44BE-8C47-857D17554EB9}.Release|x64.ActiveCfg = Release|Any CPU
		{4A3AFB4C-DC9A-44BE-8C47-857D17554EB9}.Release|x64.Build.0 = Release|Any CPU
		{4A3AFB4C-DC9A-44BE-8C47-857D17554EB9}.Release|x86.ActiveCfg = Release|Any CPU
		{4A3AFB4C-DC9A-44BE-8C47-857D17554EB9}.Release|x86.Build.0 = Release|Any CPU
		{A74579A7-2312-4819-AF88-44DD4C02227F}.Debug|Any CPU.ActiveCfg = Debug|Any CPU
		{A74579A7-2312-4819-AF88-44DD4C02227F}.Debug|Any CPU.Build.0 = Debug|Any CPU
		{A74579A7-2312-4819-AF88-44DD4C02227F}.Debug|x64.ActiveCfg = Debug|Any CPU
		{A74579A7-2312-4819-AF88-44DD4C02227F}.Debug|x64.Build.0 = Debug|Any CPU
		{A74579A7-2312-4819-AF88-44DD4C02227F}.Debug|x86.ActiveCfg = Debug|Any CPU
		{A74579A7-2312-4819-AF88-44DD4C02227F}.Debug|x86.Build.0 = Debug|Any CPU
		{A74579A7-2312-4819-AF88-44DD4C02227F}.Release|Any CPU.ActiveCfg = Release|Any CPU
		{A74579A7-2312-4819-AF88-44DD4C02227F}.Release|Any CPU.Build.0 = Release|Any CPU
		{A74579A7-2312-4819-AF88-44DD4C02227F}.Release|x64.ActiveCfg = Release|Any CPU
		{A74579A7-2312-4819-AF88-44DD4C02227F}.Release|x64.Build.0 = Release|Any CPU
		{A74579A7-2312-4819-AF88-44DD4C02227F}.Release|x86.ActiveCfg = Release|Any CPU
		{A74579A7-2312-4819-AF88-44DD4C02227F}.Release|x86.Build.0 = Release|Any CPU
	EndGlobalSection
	GlobalSection(SolutionProperties) = preSolution
		HideSolutionNode = FALSE
	EndGlobalSection
	GlobalSection(NestedProjects) = preSolution
		{F5DC4E02-578C-4CC7-9748-EAA4541E508D} = {A0FF30BB-A939-AAEC-B902-EEF8281C1BC6}
		{6C8F6F63-0C31-4A4E-B46E-E407D23DF3BE} = {2AD92386-79E5-699F-F58F-FD6FA6A6916E}
		{6026BB01-C9B6-44BA-A93F-C059C29A17C1} = {2420C803-290B-F142-B73B-E5BA85E34988}
		{0CF35B44-5A60-482D-817D-FCCBB325B81F} = {C263FC6A-B645-7249-9C52-1318A4A3D2CA}
		{0FD04F5A-C5A1-447A-84C7-42CF900944BA} = {3DE317BB-6F5C-8DC8-3308-7F794E1E843A}
		{4A3AFB4C-DC9A-44BE-8C47-857D17554EB9} = {3DE317BB-6F5C-8DC8-3308-7F794E1E843A}
		{A74579A7-2312-4819-AF88-44DD4C02227F} = {3DE317BB-6F5C-8DC8-3308-7F794E1E843A}
	EndGlobalSection
EndGlobal
